# This file is automatically @generated by Cargo.
# It is not intended for manual editing.
version = 4

[[package]]
name = "conspire"
version = "0.7.8"
source = "git+https://github.com/mrbuche/conspire.rs.git#fe5751a95cc1a68abae481bea13f342254798871"

[[package]]
name = "conspire_book"
version = "0.1.0"
dependencies = [
 "conspire",
]
