# This file is automatically @generated by Cargo.
# It is not intended for manual editing.
version = 4

[[package]]
name = "conspire"
version = "0.7.6"
source = "git+https://github.com/mrbuche/conspire.rs.git#0afc8c138b984dbe6ecb24551e446d5dc562d953"

[[package]]
name = "conspire_book"
version = "0.1.0"
dependencies = [
 "conspire",
]
