# This file is automatically @generated by Cargo.
# It is not intended for manual editing.
version = 4

[[package]]
name = "conspire"
version = "0.5.12"
source = "git+https://github.com/mrbuche/conspire.rs.git#ac4ae7f10096f7c1c4835bb4044088693d696dd1"

[[package]]
name = "conspire_book"
version = "0.1.0"
dependencies = [
 "conspire",
]
